
Microsoft Visual Studio Solution File, Format Version 12.00
# Visual Studio 15
VisualStudioVersion = 15.0.26228.9
MinimumVisualStudioVersion = 10.0.40219.1
Project("{FAE04EC0-301F-11D3-BF4B-00C04F79EFBC}") = "Kata04.Test", "Kata04.Test\Kata04.Test.csproj", "{7620C806-EA6B-432D-90BD-03E6AEE444AD}"
EndProject
Project("{FAE04EC0-301F-11D3-BF4B-00C04F79EFBC}") = "Kata04.Core", "Kata04.Core\Kata04.Core.csproj", "{E1EB26AC-0786-4917-BAA0-ACC22F4D50B9}"
EndProject
Project("{FAE04EC0-301F-11D3-BF4B-00C04F79EFBC}") = "Kata04.Data", "Kata04.Data\Kata04.Data.csproj", "{3EB060F9-94AD-4A47-83BB-CF6AE9C687DA}"
EndProject
Project("{FAE04EC0-301F-11D3-BF4B-00C04F79EFBC}") = "Kata04.UI", "Kata04.UI\Kata04.UI.csproj", "{B785F6E3-28E6-43EB-B9DC-DDDECF67335A}"
EndProject
Project("{FAE04EC0-301F-11D3-BF4B-00C04F79EFBC}") = "Kata04.Football.Test", "Kata04.Football.Test\Kata04.Football.Test.csproj", "{C4253D3B-F5C7-4724-B3D6-F2E2D130C351}"
EndProject
Project("{FAE04EC0-301F-11D3-BF4B-00C04F79EFBC}") = "Kata04.Football.Core", "Kata04.Football.Core\Kata04.Football.Core.csproj", "{F3D8E775-4E1B-472B-98B9-DABED0197DC7}"
EndProject
Project("{FAE04EC0-301F-11D3-BF4B-00C04F79EFBC}") = "Kata04.Football.Data", "Kata04.Football.Data\Kata04.Football.Data.csproj", "{10E0F267-4659-45E5-8736-FFCCDDA40DA4}"
EndProject
Project("{FAE04EC0-301F-11D3-BF4B-00C04F79EFBC}") = "Kata04.Football.UI", "Kata04.Football.UI\Kata04.Football.UI.csproj", "{B41F1DA0-D67F-40BA-80A5-0224F545380F}"
EndProject
Project("{FAE04EC0-301F-11D3-BF4B-00C04F79EFBC}") = "Kata04.Generic.Data", "Kata04.Generic.Data\Kata04.Generic.Data.csproj", "{3A3FFF03-1765-4D0E-853A-0F7144D31165}"
EndProject
Global
	GlobalSection(SolutionConfigurationPlatforms) = preSolution
		Debug|Any CPU = Debug|Any CPU
		Release|Any CPU = Release|Any CPU
	EndGlobalSection
	GlobalSection(ProjectConfigurationPlatforms) = postSolution
		{7620C806-EA6B-432D-90BD-03E6AEE444AD}.Debug|Any CPU.ActiveCfg = Debug|Any CPU
		{7620C806-EA6B-432D-90BD-03E6AEE444AD}.Debug|Any CPU.Build.0 = Debug|Any CPU
		{7620C806-EA6B-432D-90BD-03E6AEE444AD}.Release|Any CPU.ActiveCfg = Release|Any CPU
		{7620C806-EA6B-432D-90BD-03E6AEE444AD}.Release|Any CPU.Build.0 = Release|Any CPU
		{E1EB26AC-0786-4917-BAA0-ACC22F4D50B9}.Debug|Any CPU.ActiveCfg = Debug|Any CPU
		{E1EB26AC-0786-4917-BAA0-ACC22F4D50B9}.Debug|Any CPU.Build.0 = Debug|Any CPU
		{E1EB26AC-0786-4917-BAA0-ACC22F4D50B9}.Release|Any CPU.ActiveCfg = Release|Any CPU
		{E1EB26AC-0786-4917-BAA0-ACC22F4D50B9}.Release|Any CPU.Build.0 = Release|Any CPU
		{3EB060F9-94AD-4A47-83BB-CF6AE9C687DA}.Debug|Any CPU.ActiveCfg = Debug|Any CPU
		{3EB060F9-94AD-4A47-83BB-CF6AE9C687DA}.Debug|Any CPU.Build.0 = Debug|Any CPU
		{3EB060F9-94AD-4A47-83BB-CF6AE9C687DA}.Release|Any CPU.ActiveCfg = Release|Any CPU
		{3EB060F9-94AD-4A47-83BB-CF6AE9C687DA}.Release|Any CPU.Build.0 = Release|Any CPU
		{B785F6E3-28E6-43EB-B9DC-DDDECF67335A}.Debug|Any CPU.ActiveCfg = Debug|Any CPU
		{B785F6E3-28E6-43EB-B9DC-DDDECF67335A}.Debug|Any CPU.Build.0 = Debug|Any CPU
		{B785F6E3-28E6-43EB-B9DC-DDDECF67335A}.Release|Any CPU.ActiveCfg = Release|Any CPU
		{B785F6E3-28E6-43EB-B9DC-DDDECF67335A}.Release|Any CPU.Build.0 = Release|Any CPU
		{C4253D3B-F5C7-4724-B3D6-F2E2D130C351}.Debug|Any CPU.ActiveCfg = Debug|Any CPU
		{C4253D3B-F5C7-4724-B3D6-F2E2D130C351}.Debug|Any CPU.Build.0 = Debug|Any CPU
		{C4253D3B-F5C7-4724-B3D6-F2E2D130C351}.Release|Any CPU.ActiveCfg = Release|Any CPU
		{C4253D3B-F5C7-4724-B3D6-F2E2D130C351}.Release|Any CPU.Build.0 = Release|Any CPU
		{F3D8E775-4E1B-472B-98B9-DABED0197DC7}.Debug|Any CPU.ActiveCfg = Debug|Any CPU
		{F3D8E775-4E1B-472B-98B9-DABED0197DC7}.Debug|Any CPU.Build.0 = Debug|Any CPU
		{F3D8E775-4E1B-472B-98B9-DABED0197DC7}.Release|Any CPU.ActiveCfg = Release|Any CPU
		{F3D8E775-4E1B-472B-98B9-DABED0197DC7}.Release|Any CPU.Build.0 = Release|Any CPU
		{10E0F267-4659-45E5-8736-FFCCDDA40DA4}.Debug|Any CPU.ActiveCfg = Debug|Any CPU
		{10E0F267-4659-45E5-8736-FFCCDDA40DA4}.Debug|Any CPU.Build.0 = Debug|Any CPU
		{10E0F267-4659-45E5-8736-FFCCDDA40DA4}.Release|Any CPU.ActiveCfg = Release|Any CPU
		{10E0F267-4659-45E5-8736-FFCCDDA40DA4}.Release|Any CPU.Build.0 = Release|Any CPU
		{B41F1DA0-D67F-40BA-80A5-0224F545380F}.Debug|Any CPU.ActiveCfg = Debug|Any CPU
		{B41F1DA0-D67F-40BA-80A5-0224F545380F}.Debug|Any CPU.Build.0 = Debug|Any CPU
		{B41F1DA0-D67F-40BA-80A5-0224F545380F}.Release|Any CPU.ActiveCfg = Release|Any CPU
		{B41F1DA0-D67F-40BA-80A5-0224F545380F}.Release|Any CPU.Build.0 = Release|Any CPU
		{3A3FFF03-1765-4D0E-853A-0F7144D31165}.Debug|Any CPU.ActiveCfg = Debug|Any CPU
		{3A3FFF03-1765-4D0E-853A-0F7144D31165}.Debug|Any CPU.Build.0 = Debug|Any CPU
		{3A3FFF03-1765-4D0E-853A-0F7144D31165}.Release|Any CPU.ActiveCfg = Release|Any CPU
		{3A3FFF03-1765-4D0E-853A-0F7144D31165}.Release|Any CPU.Build.0 = Release|Any CPU
	EndGlobalSection
	GlobalSection(SolutionProperties) = preSolution
		HideSolutionNode = FALSE
	EndGlobalSection
EndGlobal
